// !$*UTF8*$!
{
	archiveVersion = 1;
	classes = {
	};
	objectVersion = 56;
	objects = {

/* Begin PBXBuildFile section */
		BA30051B2F29DE5500768EEC /* ContentView.swift in Sources */ = {isa = PBXBuildFile; fileRef = BA30051A2F29DE5500768EEC /* ContentView.swift */; };
		MAIN00012F29DE5500768EEC /* MainMenuView.swift in Sources */ = {isa = PBXBuildFile; fileRef = MAIN00002F29DE5500768EEC /* MainMenuView.swift */; };
		SHOP00012F29DE5500768EEC /* ShopView.swift in Sources */ = {isa = PBXBuildFile; fileRef = SHOP00002F29DE5500768EEC /* ShopView.swift */; };
		BAAFC7432F29D69A00A18BE0 /* Assets.xcassets in Resources */ = {isa = PBXBuildFile; fileRef = BAAFC73B2F29D69A00A18BE0 /* Assets.xcassets */; };
		BAAFC7442F29D69A00A18BE0 /* Preview Assets.xcassets in Resources */ = {isa = PBXBuildFile; fileRef = BAAFC73D2F29D69A00A18BE0 /* Preview Assets.xcassets */; };
		BAAFC7452F29D69A00A18BE0 /* DogDashApp.swift in Sources */ = {isa = PBXBuildFile; fileRef = BAAFC73E2F29D69A00A18BE0 /* DogDashApp.swift */; };
		BAAFC7462F29D69A00A18BE0 /* GameView.swift in Sources */ = {isa = PBXBuildFile; fileRef = BAAFC7402F29D69A00A18BE0 /* GameView.swift */; };
		BAAFC7472F29D69A00A18BE0 /* GameScene.swift in Sources */ = {isa = PBXBuildFile; fileRef = BAAFC7412F29D69A00A18BE0 /* GameScene.swift */; };
		OBST00012F29DE5500768EEC /* ObstacleNode.swift in Sources */ = {isa = PBXBuildFile; fileRef = OBST00002F29DE5500768EEC /* ObstacleNode.swift */; };
		SPWN00012F29DE5500768EEC /* SpawnerSystem.swift in Sources */ = {isa = PBXBuildFile; fileRef = SPWN00002F29DE5500768EEC /* SpawnerSystem.swift */; };
		PHYS00012F29DE5500768EEC /* PhysicsCategory.swift in Sources */ = {isa = PBXBuildFile; fileRef = PHYS00002F29DE5500768EEC /* PhysicsCategory.swift */; };
		HIDE00012F29DE5500768EEC /* HideSpotNode.swift in Sources */ = {isa = PBXBuildFile; fileRef = HIDE00002F29DE5500768EEC /* HideSpotNode.swift */; };
		FOOD00012F29DE5500768EEC /* FoodNode.swift in Sources */ = {isa = PBXBuildFile; fileRef = FOOD00002F29DE5500768EEC /* FoodNode.swift */; };
		CHKP00012F29DE5500768EEC /* CheckpointNode.swift in Sources */ = {isa = PBXBuildFile; fileRef = CHKP00002F29DE5500768EEC /* CheckpointNode.swift */; };
		CHKS00012F29DE5500768EEC /* CheckpointSystem.swift in Sources */ = {isa = PBXBuildFile; fileRef = CHKS00002F29DE5500768EEC /* CheckpointSystem.swift */; };
		GVM00012F29DE5500768EEC /* GameViewModel.swift in Sources */ = {isa = PBXBuildFile; fileRef = GVM00002F29DE5500768EEC /* GameViewModel.swift */; };
		INPT00012F29DE5500768EEC /* InputRouter.swift in Sources */ = {isa = PBXBuildFile; fileRef = INPT00002F29DE5500768EEC /* InputRouter.swift */; };
		LANE00012F29DE5500768EEC /* LaneSystem.swift in Sources */ = {isa = PBXBuildFile; fileRef = LANE00002F29DE5500768EEC /* LaneSystem.swift */; };
		CAMR00012F29DE5500768EEC /* CameraRig.swift in Sources */ = {isa = PBXBuildFile; fileRef = CAMR00002F29DE5500768EEC /* CameraRig.swift */; };
		DOGN00012F29DE5500768EEC /* DogNode.swift in Sources */ = {isa = PBXBuildFile; fileRef = DOGN00002F29DE5500768EEC /* DogNode.swift */; };
		HUDV00012F29DE5500768EEC /* HUDView.swift in Sources */ = {isa = PBXBuildFile; fileRef = HUDV00002F29DE5500768EEC /* HUDView.swift */; };
		STAT00012F29DE5500768EEC /* StatusEffectType.swift in Sources */ = {isa = PBXBuildFile; fileRef = STAT00002F29DE5500768EEC /* StatusEffectType.swift */; };
		STES00012F29DE5500768EEC /* StatusEffectSystem.swift in Sources */ = {isa = PBXBuildFile; fileRef = STES00002F29DE5500768EEC /* StatusEffectSystem.swift */; };
		DEER00012F29DE5500768EEC /* DeerNode.swift in Sources */ = {isa = PBXBuildFile; fileRef = DEER00002F29DE5500768EEC /* DeerNode.swift */; };
		SKUN00012F29DE5500768EEC /* SkunkNode.swift in Sources */ = {isa = PBXBuildFile; fileRef = SKUN00002F29DE5500768EEC /* SkunkNode.swift */; };
		STIN00012F29DE5500768EEC /* StinkCloudNode.swift in Sources */ = {isa = PBXBuildFile; fileRef = STIN00002F29DE5500768EEC /* StinkCloudNode.swift */; };
		BEAR00012F29DE5500768EEC /* BearNode.swift in Sources */ = {isa = PBXBuildFile; fileRef = BEAR00002F29DE5500768EEC /* BearNode.swift */; };
		WETH00012F29DE5500768EEC /* WeatherSystem.swift in Sources */ = {isa = PBXBuildFile; fileRef = WETH00002F29DE5500768EEC /* WeatherSystem.swift */; };
		COVZ00012F29DE5500768EEC /* CoverZoneNode.swift in Sources */ = {isa = PBXBuildFile; fileRef = COVZ00002F29DE5500768EEC /* CoverZoneNode.swift */; };
		LIGH00012F29DE5500768EEC /* LightningZoneNode.swift in Sources */ = {isa = PBXBuildFile; fileRef = LIGH00002F29DE5500768EEC /* LightningZoneNode.swift */; };
		ICEP00012F29DE5500768EEC /* IcePatchNode.swift in Sources */ = {isa = PBXBuildFile; fileRef = ICEP00002F29DE5500768EEC /* IcePatchNode.swift */; };
		FOGO00012F29DE5500768EEC /* FogOverlayNode.swift in Sources */ = {isa = PBXBuildFile; fileRef = FOGO00002F29DE5500768EEC /* FogOverlayNode.swift */; };
		MOOS00012F29DE5500768EEC /* MooseNode.swift in Sources */ = {isa = PBXBuildFile; fileRef = MOOS00002F29DE5500768EEC /* MooseNode.swift */; };
		LION00012F29DE5500768EEC /* LionWarningNode.swift in Sources */ = {isa = PBXBuildFile; fileRef = LION00002F29DE5500768EEC /* LionWarningNode.swift */; };
		MTNL00012F29DE5500768EEC /* MountainLionNode.swift in Sources */ = {isa = PBXBuildFile; fileRef = MTNL00002F29DE5500768EEC /* MountainLionNode.swift */; };
		HPRB00012F29DE5500768EEC /* HomeProgressBar.swift in Sources */ = {isa = PBXBuildFile; fileRef = HPRB00002F29DE5500768EEC /* HomeProgressBar.swift */; };
		GSTA00012F29DE5500768EEC /* GameState.swift in Sources */ = {isa = PBXBuildFile; fileRef = GSTA00002F29DE5500768EEC /* GameState.swift */; };
		GHUD00012F29DE5500768EEC /* GameHUD.swift in Sources */ = {isa = PBXBuildFile; fileRef = GHUD00002F29DE5500768EEC /* GameHUD.swift */; };
		ADRN00012F29DE5500768EEC /* AdrenalineSystem.swift in Sources */ = {isa = PBXBuildFile; fileRef = ADRN00002F29DE5500768EEC /* AdrenalineSystem.swift */; };
		SCNT00012F29DE5500768EEC /* ScentSystem.swift in Sources */ = {isa = PBXBuildFile; fileRef = SCNT00002F29DE5500768EEC /* ScentSystem.swift */; };
		LNZN00012F29DE5500768EEC /* LaneZone.swift in Sources */ = {isa = PBXBuildFile; fileRef = LNZN00002F29DE5500768EEC /* LaneZone.swift */; };
		RISK00012F29DE5500768EEC /* RiskLaneSystem.swift in Sources */ = {isa = PBXBuildFile; fileRef = RISK00002F29DE5500768EEC /* RiskLaneSystem.swift */; };
		RUNM00012F29DE5500768EEC /* RunModifiers.swift in Sources */ = {isa = PBXBuildFile; fileRef = RUNM00002F29DE5500768EEC /* RunModifiers.swift */; };
		DAIL00012F29DE5500768EEC /* DailyChallenge.swift in Sources */ = {isa = PBXBuildFile; fileRef = DAIL00002F29DE5500768EEC /* DailyChallenge.swift */; };
		DAIS00012F29DE5500768EEC /* DailyChallengeSystem.swift in Sources */ = {isa = PBXBuildFile; fileRef = DAIS00002F29DE5500768EEC /* DailyChallengeSystem.swift */; };
		UPGD00012F29DE5500768EEC /* UpgradeCatalog.swift in Sources */ = {isa = PBXBuildFile; fileRef = UPGD00002F29DE5500768EEC /* UpgradeCatalog.swift */; };
		PROG00012F29DE5500768EEC /* ProgressionStore.swift in Sources */ = {isa = PBXBuildFile; fileRef = PROG00002F29DE5500768EEC /* ProgressionStore.swift */; };
		APLU00012F29DE5500768EEC /* AppliedUpgrades.swift in Sources */ = {isa = PBXBuildFile; fileRef = APLU00002F29DE5500768EEC /* AppliedUpgrades.swift */; };
/* End PBXBuildFile section */

/* Begin PBXFileReference section */
		BA30051A2F29DE5500768EEC /* ContentView.swift */ = {isa = PBXFileReference; fileEncoding = 4; lastKnownFileType = sourcecode.swift; path = ContentView.swift; sourceTree = "<group>"; };
		BAAFC7232F29CB3A00A18BE0 /* DogDash.app */ = {isa = PBXFileReference; explicitFileType = wrapper.application; includeInIndex = 0; path = DogDash.app; sourceTree = BUILT_PRODUCTS_DIR; };
		BAAFC73B2F29D69A00A18BE0 /* Assets.xcassets */ = {isa = PBXFileReference; lastKnownFileType = folder.assetcatalog; path = Assets.xcassets; sourceTree = "<group>"; };
		BAAFC73D2F29D69A00A18BE0 /* Preview Assets.xcassets */ = {isa = PBXFileReference; lastKnownFileType = folder.assetcatalog; path = "Preview Assets.xcassets"; sourceTree = "<group>"; };
		BAAFC73E2F29D69A00A18BE0 /* DogDashApp.swift */ = {isa = PBXFileReference; fileEncoding = 4; lastKnownFileType = sourcecode.swift; path = DogDashApp.swift; sourceTree = "<group>"; };
		BAAFC7402F29D69A00A18BE0 /* GameView.swift */ = {isa = PBXFileReference; fileEncoding = 4; lastKnownFileType = sourcecode.swift; path = GameView.swift; sourceTree = "<group>"; };
		BAAFC7412F29D69A00A18BE0 /* GameScene.swift */ = {isa = PBXFileReference; fileEncoding = 4; lastKnownFileType = sourcecode.swift; path = GameScene.swift; sourceTree = "<group>"; };
		OBST00002F29DE5500768EEC /* ObstacleNode.swift */ = {isa = PBXFileReference; lastKnownFileType = sourcecode.swift; path = ObstacleNode.swift; sourceTree = "<group>"; };
		SPWN00002F29DE5500768EEC /* SpawnerSystem.swift */ = {isa = PBXFileReference; lastKnownFileType = sourcecode.swift; path = SpawnerSystem.swift; sourceTree = "<group>"; };
		PHYS00002F29DE5500768EEC /* PhysicsCategory.swift */ = {isa = PBXFileReference; lastKnownFileType = sourcecode.swift; path = PhysicsCategory.swift; sourceTree = "<group>"; };
		HIDE00002F29DE5500768EEC /* HideSpotNode.swift */ = {isa = PBXFileReference; lastKnownFileType = sourcecode.swift; path = HideSpotNode.swift; sourceTree = "<group>"; };
		FOOD00002F29DE5500768EEC /* FoodNode.swift */ = {isa = PBXFileReference; lastKnownFileType = sourcecode.swift; path = FoodNode.swift; sourceTree = "<group>"; };
		CHKP00002F29DE5500768EEC /* CheckpointNode.swift */ = {isa = PBXFileReference; lastKnownFileType = sourcecode.swift; path = CheckpointNode.swift; sourceTree = "<group>"; };
		CHKS00002F29DE5500768EEC /* CheckpointSystem.swift */ = {isa = PBXFileReference; lastKnownFileType = sourcecode.swift; path = CheckpointSystem.swift; sourceTree = "<group>"; };
		GVM00002F29DE5500768EEC /* GameViewModel.swift */ = {isa = PBXFileReference; lastKnownFileType = sourcecode.swift; path = GameViewModel.swift; sourceTree = "<group>"; };
		INPT00002F29DE5500768EEC /* InputRouter.swift */ = {isa = PBXFileReference; lastKnownFileType = sourcecode.swift; path = InputRouter.swift; sourceTree = "<group>"; };
		LANE00002F29DE5500768EEC /* LaneSystem.swift */ = {isa = PBXFileReference; lastKnownFileType = sourcecode.swift; path = LaneSystem.swift; sourceTree = "<group>"; };
		CAMR00002F29DE5500768EEC /* CameraRig.swift */ = {isa = PBXFileReference; lastKnownFileType = sourcecode.swift; path = CameraRig.swift; sourceTree = "<group>"; };
		DOGN00002F29DE5500768EEC /* DogNode.swift */ = {isa = PBXFileReference; lastKnownFileType = sourcecode.swift; path = DogNode.swift; sourceTree = "<group>"; };
		HUDV00002F29DE5500768EEC /* HUDView.swift */ = {isa = PBXFileReference; lastKnownFileType = sourcecode.swift; path = HUDView.swift; sourceTree = "<group>"; };
		MAIN00002F29DE5500768EEC /* MainMenuView.swift */ = {isa = PBXFileReference; lastKnownFileType = sourcecode.swift; path = MainMenuView.swift; sourceTree = "<group>"; };
		SHOP00002F29DE5500768EEC /* ShopView.swift */ = {isa = PBXFileReference; lastKnownFileType = sourcecode.swift; path = ShopView.swift; sourceTree = "<group>"; };
		STAT00002F29DE5500768EEC /* StatusEffectType.swift */ = {isa = PBXFileReference; lastKnownFileType = sourcecode.swift; path = StatusEffectType.swift; sourceTree = "<group>"; };
		STES00002F29DE5500768EEC /* StatusEffectSystem.swift */ = {isa = PBXFileReference; lastKnownFileType = sourcecode.swift; path = StatusEffectSystem.swift; sourceTree = "<group>"; };
		DEER00002F29DE5500768EEC /* DeerNode.swift */ = {isa = PBXFileReference; lastKnownFileType = sourcecode.swift; path = DeerNode.swift; sourceTree = "<group>"; };
		SKUN00002F29DE5500768EEC /* SkunkNode.swift */ = {isa = PBXFileReference; lastKnownFileType = sourcecode.swift; path = SkunkNode.swift; sourceTree = "<group>"; };
		STIN00002F29DE5500768EEC /* StinkCloudNode.swift */ = {isa = PBXFileReference; lastKnownFileType = sourcecode.swift; path = StinkCloudNode.swift; sourceTree = "<group>"; };
		BEAR00002F29DE5500768EEC /* BearNode.swift */ = {isa = PBXFileReference; lastKnownFileType = sourcecode.swift; path = BearNode.swift; sourceTree = "<group>"; };
		WETH00002F29DE5500768EEC /* WeatherSystem.swift */ = {isa = PBXFileReference; lastKnownFileType = sourcecode.swift; path = WeatherSystem.swift; sourceTree = "<group>"; };
		COVZ00002F29DE5500768EEC /* CoverZoneNode.swift */ = {isa = PBXFileReference; lastKnownFileType = sourcecode.swift; path = CoverZoneNode.swift; sourceTree = "<group>"; };
		LIGH00002F29DE5500768EEC /* LightningZoneNode.swift */ = {isa = PBXFileReference; lastKnownFileType = sourcecode.swift; path = LightningZoneNode.swift; sourceTree = "<group>"; };
		ICEP00002F29DE5500768EEC /* IcePatchNode.swift */ = {isa = PBXFileReference; lastKnownFileType = sourcecode.swift; path = IcePatchNode.swift; sourceTree = "<group>"; };
		FOGO00002F29DE5500768EEC /* FogOverlayNode.swift */ = {isa = PBXFileReference; lastKnownFileType = sourcecode.swift; path = FogOverlayNode.swift; sourceTree = "<group>"; };
		MOOS00002F29DE5500768EEC /* MooseNode.swift */ = {isa = PBXFileReference; lastKnownFileType = sourcecode.swift; path = MooseNode.swift; sourceTree = "<group>"; };
		LION00002F29DE5500768EEC /* LionWarningNode.swift */ = {isa = PBXFileReference; lastKnownFileType = sourcecode.swift; path = LionWarningNode.swift; sourceTree = "<group>"; };
		MTNL00002F29DE5500768EEC /* MountainLionNode.swift */ = {isa = PBXFileReference; lastKnownFileType = sourcecode.swift; path = MountainLionNode.swift; sourceTree = "<group>"; };
		HPRB00002F29DE5500768EEC /* HomeProgressBar.swift */ = {isa = PBXFileReference; lastKnownFileType = sourcecode.swift; path = HomeProgressBar.swift; sourceTree = "<group>"; };
		GSTA00002F29DE5500768EEC /* GameState.swift */ = {isa = PBXFileReference; lastKnownFileType = sourcecode.swift; path = GameState.swift; sourceTree = "<group>"; };
		GHUD00002F29DE5500768EEC /* GameHUD.swift */ = {isa = PBXFileReference; lastKnownFileType = sourcecode.swift; path = GameHUD.swift; sourceTree = "<group>"; };
		ADRN00002F29DE5500768EEC /* AdrenalineSystem.swift */ = {isa = PBXFileReference; lastKnownFileType = sourcecode.swift; path = AdrenalineSystem.swift; sourceTree = "<group>"; };
		SCNT00002F29DE5500768EEC /* ScentSystem.swift */ = {isa = PBXFileReference; lastKnownFileType = sourcecode.swift; path = ScentSystem.swift; sourceTree = "<group>"; };
		LNZN00002F29DE5500768EEC /* LaneZone.swift */ = {isa = PBXFileReference; lastKnownFileType = sourcecode.swift; path = LaneZone.swift; sourceTree = "<group>"; };
		RISK00002F29DE5500768EEC /* RiskLaneSystem.swift */ = {isa = PBXFileReference; lastKnownFileType = sourcecode.swift; path = RiskLaneSystem.swift; sourceTree = "<group>"; };
		RUNM00002F29DE5500768EEC /* RunModifiers.swift */ = {isa = PBXFileReference; lastKnownFileType = sourcecode.swift; path = RunModifiers.swift; sourceTree = "<group>"; };
		DAIL00002F29DE5500768EEC /* DailyChallenge.swift */ = {isa = PBXFileReference; lastKnownFileType = sourcecode.swift; path = DailyChallenge.swift; sourceTree = "<group>"; };
		DAIS00002F29DE5500768EEC /* DailyChallengeSystem.swift */ = {isa = PBXFileReference; lastKnownFileType = sourcecode.swift; path = DailyChallengeSystem.swift; sourceTree = "<group>"; };
		UPGD00002F29DE5500768EEC /* UpgradeCatalog.swift */ = {isa = PBXFileReference; lastKnownFileType = sourcecode.swift; path = UpgradeCatalog.swift; sourceTree = "<group>"; };
		PROG00002F29DE5500768EEC /* ProgressionStore.swift */ = {isa = PBXFileReference; lastKnownFileType = sourcecode.swift; path = ProgressionStore.swift; sourceTree = "<group>"; };
		APLU00002F29DE5500768EEC /* AppliedUpgrades.swift */ = {isa = PBXFileReference; lastKnownFileType = sourcecode.swift; path = AppliedUpgrades.swift; sourceTree = "<group>"; };
/* End PBXFileReference section */

/* Begin PBXFrameworksBuildPhase section */
		BAAFC7202F29CB3A00A18BE0 /* Frameworks */ = {
			isa = PBXFrameworksBuildPhase;
			buildActionMask = 2147483647;
			files = (
			);
			runOnlyForDeploymentPostprocessing = 0;
		};
/* End PBXFrameworksBuildPhase section */

/* Begin PBXGroup section */
		BAAFC71A2F29CB3A00A18BE0 = {
			isa = PBXGroup;
			children = (
				BAAFC73A2F29D69A00A18BE0 /* DogDash */,
				BAAFC73F2F29D69A00A18BE0 /* Game */,
				BAAFC7362F29CCC600A18BE0 /* UI */,
				BAAFC7242F29CB3A00A18BE0 /* Products */,
			);
			sourceTree = "<group>";
		};
		BAAFC7242F29CB3A00A18BE0 /* Products */ = {
			isa = PBXGroup;
			children = (
				BAAFC7232F29CB3A00A18BE0 /* DogDash.app */,
			);
			name = Products;
			sourceTree = "<group>";
		};
		BAAFC7362F29CCC600A18BE0 /* UI */ = {
			isa = PBXGroup;
			children = (
				BA30051A2F29DE5500768EEC /* ContentView.swift */,
				HUDV00002F29DE5500768EEC /* HUDView.swift */,
				HPRB00002F29DE5500768EEC /* HomeProgressBar.swift */,
				GHUD00002F29DE5500768EEC /* GameHUD.swift */,
				MAIN00002F29DE5500768EEC /* MainMenuView.swift */,
				SHOP00002F29DE5500768EEC /* ShopView.swift */,
			);
			path = UI;
			sourceTree = "<group>";
		};
		BAAFC73A2F29D69A00A18BE0 /* DogDash */ = {
			isa = PBXGroup;
			children = (
				BAAFC73B2F29D69A00A18BE0 /* Assets.xcassets */,
				BAAFC73C2F29D69A00A18BE0 /* Preview Content */,
				BAAFC73E2F29D69A00A18BE0 /* DogDashApp.swift */,
			);
			path = DogDash;
			sourceTree = "<group>";
		};
		BAAFC73C2F29D69A00A18BE0 /* Preview Content */ = {
			isa = PBXGroup;
			children = (
				BAAFC73D2F29D69A00A18BE0 /* Preview Assets.xcassets */,
			);
			path = "Preview Content";
			sourceTree = "<group>";
		};
		BAAFC73F2F29D69A00A18BE0 /* Game */ = {
			isa = PBXGroup;
			children = (
				BAAFC7402F29D69A00A18BE0 /* GameView.swift */,
				BAAFC7412F29D69A00A18BE0 /* GameScene.swift */,
				GVM00002F29DE5500768EEC /* GameViewModel.swift */,
				GSTA00002F29DE5500768EEC /* GameState.swift */,
				ADRN00002F29DE5500768EEC /* AdrenalineSystem.swift */,
				SCNT00002F29DE5500768EEC /* ScentSystem.swift */,
				INPT00002F29DE5500768EEC /* InputRouter.swift */,
				CAMR00002F29DE5500768EEC /* CameraRig.swift */,
				DOGN00002F29DE5500768EEC /* DogNode.swift */,
				BEAR00002F29DE5500768EEC /* BearNode.swift */,
				DEER00002F29DE5500768EEC /* DeerNode.swift */,
				SKUN00002F29DE5500768EEC /* SkunkNode.swift */,
				STIN00002F29DE5500768EEC /* StinkCloudNode.swift */,
				LANE00002F29DE5500768EEC /* LaneSystem.swift */,
				LNZN00002F29DE5500768EEC /* LaneZone.swift */,
				RISK00002F29DE5500768EEC /* RiskLaneSystem.swift */,
				RUNM00002F29DE5500768EEC /* RunModifiers.swift */,
				DAIL00002F29DE5500768EEC /* DailyChallenge.swift */,
				DAIS00002F29DE5500768EEC /* DailyChallengeSystem.swift */,
				UPGD00002F29DE5500768EEC /* UpgradeCatalog.swift */,
				PROG00002F29DE5500768EEC /* ProgressionStore.swift */,
				APLU00002F29DE5500768EEC /* AppliedUpgrades.swift */,
				OBST00002F29DE5500768EEC /* ObstacleNode.swift */,
				CHKP00002F29DE5500768EEC /* CheckpointNode.swift */,
				COVZ00002F29DE5500768EEC /* CoverZoneNode.swift */,
				LIGH00002F29DE5500768EEC /* LightningZoneNode.swift */,
				ICEP00002F29DE5500768EEC /* IcePatchNode.swift */,
				FOGO00002F29DE5500768EEC /* FogOverlayNode.swift */,
				MOOS00002F29DE5500768EEC /* MooseNode.swift */,
				LION00002F29DE5500768EEC /* LionWarningNode.swift */,
				MTNL00002F29DE5500768EEC /* MountainLionNode.swift */,
				CHKS00002F29DE5500768EEC /* CheckpointSystem.swift */,
				FOOD00002F29DE5500768EEC /* FoodNode.swift */,
				HIDE00002F29DE5500768EEC /* HideSpotNode.swift */,
				PHYS00002F29DE5500768EEC /* PhysicsCategory.swift */,
				SPWN00002F29DE5500768EEC /* SpawnerSystem.swift */,
				STAT00002F29DE5500768EEC /* StatusEffectType.swift */,
				STES00002F29DE5500768EEC /* StatusEffectSystem.swift */,
				WETH00002F29DE5500768EEC /* WeatherSystem.swift */,
			);
			path = Game;
			sourceTree = "<group>";
		};
/* End PBXGroup section */

/* Begin PBXNativeTarget section */
		BAAFC7222F29CB3A00A18BE0 /* DogDash */ = {
			isa = PBXNativeTarget;
			buildConfigurationList = BAAFC7312F29CB3D00A18BE0 /* Build configuration list for PBXNativeTarget "DogDash" */;
			buildPhases = (
				BAAFC71F2F29CB3A00A18BE0 /* Sources */,
				BAAFC7202F29CB3A00A18BE0 /* Frameworks */,
				BAAFC7212F29CB3A00A18BE0 /* Resources */,
			);
			buildRules = (
			);
			dependencies = (
			);
			name = DogDash;
			productName = DogDash;
			productReference = BAAFC7232F29CB3A00A18BE0 /* DogDash.app */;
			productType = "com.apple.product-type.application";
		};
/* End PBXNativeTarget section */

/* Begin PBXProject section */
		BAAFC71B2F29CB3A00A18BE0 /* Project object */ = {
			isa = PBXProject;
			attributes = {
				BuildIndependentTargetsInParallel = 1;
				LastSwiftUpdateCheck = 1520;
				LastUpgradeCheck = 1520;
				TargetAttributes = {
					BAAFC7222F29CB3A00A18BE0 = {
						CreatedOnToolsVersion = 15.2;
					};
				};
			};
			buildConfigurationList = BAAFC71E2F29CB3A00A18BE0 /* Build configuration list for PBXProject "DogDash" */;
			compatibilityVersion = "Xcode 14.0";
			developmentRegion = en;
			hasScannedForEncodings = 0;
			knownRegions = (
				en,
				Base,
			);
			mainGroup = BAAFC71A2F29CB3A00A18BE0;
			productRefGroup = BAAFC7242F29CB3A00A18BE0 /* Products */;
			projectDirPath = "";
			projectRoot = "";
			targets = (
				BAAFC7222F29CB3A00A18BE0 /* DogDash */,
			);
		};
/* End PBXProject section */

/* Begin PBXResourcesBuildPhase section */
		BAAFC7212F29CB3A00A18BE0 /* Resources */ = {
			isa = PBXResourcesBuildPhase;
			buildActionMask = 2147483647;
			files = (
				BAAFC7442F29D69A00A18BE0 /* Preview Assets.xcassets in Resources */,
				BAAFC7432F29D69A00A18BE0 /* Assets.xcassets in Resources */,
			);
			runOnlyForDeploymentPostprocessing = 0;
		};
/* End PBXResourcesBuildPhase section */

/* Begin PBXSourcesBuildPhase section */
		BAAFC71F2F29CB3A00A18BE0 /* Sources */ = {
			isa = PBXSourcesBuildPhase;
			buildActionMask = 2147483647;
			files = (
				BAAFC7472F29D69A00A18BE0 /* GameScene.swift in Sources */,
				BAAFC7452F29D69A00A18BE0 /* DogDashApp.swift in Sources */,
				OBST00012F29DE5500768EEC /* ObstacleNode.swift in Sources */,
				SPWN00012F29DE5500768EEC /* SpawnerSystem.swift in Sources */,
				PHYS00012F29DE5500768EEC /* PhysicsCategory.swift in Sources */,
				HIDE00012F29DE5500768EEC /* HideSpotNode.swift in Sources */,
				FOOD00012F29DE5500768EEC /* FoodNode.swift in Sources */,
				CHKP00012F29DE5500768EEC /* CheckpointNode.swift in Sources */,
				CHKS00012F29DE5500768EEC /* CheckpointSystem.swift in Sources */,
				GVM00012F29DE5500768EEC /* GameViewModel.swift in Sources */,
				INPT00012F29DE5500768EEC /* InputRouter.swift in Sources */,
				LANE00012F29DE5500768EEC /* LaneSystem.swift in Sources */,
				CAMR00012F29DE5500768EEC /* CameraRig.swift in Sources */,
				DOGN00012F29DE5500768EEC /* DogNode.swift in Sources */,
				HUDV00012F29DE5500768EEC /* HUDView.swift in Sources */,
				STAT00012F29DE5500768EEC /* StatusEffectType.swift in Sources */,
				STES00012F29DE5500768EEC /* StatusEffectSystem.swift in Sources */,
				DEER00012F29DE5500768EEC /* DeerNode.swift in Sources */,
				SKUN00012F29DE5500768EEC /* SkunkNode.swift in Sources */,
				STIN00012F29DE5500768EEC /* StinkCloudNode.swift in Sources */,
				BEAR00012F29DE5500768EEC /* BearNode.swift in Sources */,
				WETH00012F29DE5500768EEC /* WeatherSystem.swift in Sources */,
				COVZ00012F29DE5500768EEC /* CoverZoneNode.swift in Sources */,
				LIGH00012F29DE5500768EEC /* LightningZoneNode.swift in Sources */,
				ICEP00012F29DE5500768EEC /* IcePatchNode.swift in Sources */,
				FOGO00012F29DE5500768EEC /* FogOverlayNode.swift in Sources */,
				MOOS00012F29DE5500768EEC /* MooseNode.swift in Sources */,
				LION00012F29DE5500768EEC /* LionWarningNode.swift in Sources */,
				MTNL00012F29DE5500768EEC /* MountainLionNode.swift in Sources */,
				BA30051B2F29DE5500768EEC /* ContentView.swift in Sources */,
				MAIN00012F29DE5500768EEC /* MainMenuView.swift in Sources */,
				SHOP00012F29DE5500768EEC /* ShopView.swift in Sources */,
				BAAFC7462F29D69A00A18BE0 /* GameView.swift in Sources */,
				HPRB00012F29DE5500768EEC /* HomeProgressBar.swift in Sources */,
				GSTA00012F29DE5500768EEC /* GameState.swift in Sources */,
				GHUD00012F29DE5500768EEC /* GameHUD.swift in Sources */,
				ADRN00012F29DE5500768EEC /* AdrenalineSystem.swift in Sources */,
				SCNT00012F29DE5500768EEC /* ScentSystem.swift in Sources */,
				LNZN00012F29DE5500768EEC /* LaneZone.swift in Sources */,
				RISK00012F29DE5500768EEC /* RiskLaneSystem.swift in Sources */,
				RUNM00012F29DE5500768EEC /* RunModifiers.swift in Sources */,
				DAIL00012F29DE5500768EEC /* DailyChallenge.swift in Sources */,
				DAIS00012F29DE5500768EEC /* DailyChallengeSystem.swift in Sources */,
				UPGD00012F29DE5500768EEC /* UpgradeCatalog.swift in Sources */,
				PROG00012F29DE5500768EEC /* ProgressionStore.swift in Sources */,
				APLU00012F29DE5500768EEC /* AppliedUpgrades.swift in Sources */,
			);
			runOnlyForDeploymentPostprocessing = 0;
		};
/* End PBXSourcesBuildPhase section */

/* Begin XCBuildConfiguration section */
		BAAFC72F2F29CB3D00A18BE0 /* Debug */ = {
			isa = XCBuildConfiguration;
			buildSettings = {
				ALWAYS_SEARCH_USER_PATHS = NO;
				ASSETCATALOG_COMPILER_GENERATE_SWIFT_ASSET_SYMBOL_EXTENSIONS = YES;
				CLANG_ANALYZER_NONNULL = YES;
				CLANG_ANALYZER_NUMBER_OBJECT_CONVERSION = YES_AGGRESSIVE;
				CLANG_CXX_LANGUAGE_STANDARD = "gnu++20";
				CLANG_ENABLE_MODULES = YES;
				CLANG_ENABLE_OBJC_ARC = YES;
				CLANG_ENABLE_OBJC_WEAK = YES;
				CLANG_WARN_BLOCK_CAPTURE_AUTORELEASING = YES;
				CLANG_WARN_BOOL_CONVERSION = YES;
				CLANG_WARN_COMMA = YES;
				CLANG_WARN_CONSTANT_CONVERSION = YES;
				CLANG_WARN_DEPRECATED_OBJC_IMPLEMENTATIONS = YES;
				CLANG_WARN_DIRECT_OBJC_ISA_USAGE = YES_ERROR;
				CLANG_WARN_DOCUMENTATION_COMMENTS = YES;
				CLANG_WARN_EMPTY_BODY = YES;
				CLANG_WARN_ENUM_CONVERSION = YES;
				CLANG_WARN_INFINITE_RECURSION = YES;
				CLANG_WARN_INT_CONVERSION = YES;
				CLANG_WARN_NON_LITERAL_NULL_CONVERSION = YES;
				CLANG_WARN_OBJC_IMPLICIT_RETAIN_SELF = YES;
				CLANG_WARN_OBJC_LITERAL_CONVERSION = YES;
				CLANG_WARN_OBJC_ROOT_CLASS = YES_ERROR;
				CLANG_WARN_QUOTED_INCLUDE_IN_FRAMEWORK_HEADER = YES;
				CLANG_WARN_RANGE_LOOP_ANALYSIS = YES;
				CLANG_WARN_STRICT_PROTOTYPES = YES;
				CLANG_WARN_SUSPICIOUS_MOVE = YES;
				CLANG_WARN_UNGUARDED_AVAILABILITY = YES_AGGRESSIVE;
				CLANG_WARN_UNREACHABLE_CODE = YES;
				CLANG_WARN__DUPLICATE_METHOD_MATCH = YES;
				COPY_PHASE_STRIP = NO;
				DEBUG_INFORMATION_FORMAT = dwarf;
				ENABLE_STRICT_OBJC_MSGSEND = YES;
				ENABLE_TESTABILITY = YES;
				ENABLE_USER_SCRIPT_SANDBOXING = YES;
				GCC_C_LANGUAGE_STANDARD = gnu17;
				GCC_DYNAMIC_NO_PIC = NO;
				GCC_NO_COMMON_BLOCKS = YES;
				GCC_OPTIMIZATION_LEVEL = 0;
				GCC_PREPROCESSOR_DEFINITIONS = (
					"DEBUG=1",
					"$(inherited)",
				);
				GCC_WARN_64_TO_32_BIT_CONVERSION = YES;
				GCC_WARN_ABOUT_RETURN_TYPE = YES_ERROR;
				GCC_WARN_UNDECLARED_SELECTOR = YES;
				GCC_WARN_UNINITIALIZED_AUTOS = YES_AGGRESSIVE;
				GCC_WARN_UNUSED_FUNCTION = YES;
				GCC_WARN_UNUSED_VARIABLE = YES;
				IPHONEOS_DEPLOYMENT_TARGET = 17.2;
				LOCALIZATION_PREFERS_STRING_CATALOGS = YES;
				MTL_ENABLE_DEBUG_INFO = INCLUDE_SOURCE;
				MTL_FAST_MATH = YES;
				ONLY_ACTIVE_ARCH = YES;
				SDKROOT = iphoneos;
				SWIFT_ACTIVE_COMPILATION_CONDITIONS = "DEBUG $(inherited)";
				SWIFT_OPTIMIZATION_LEVEL = "-Onone";
			};
			name = Debug;
		};
		BAAFC7302F29CB3D00A18BE0 /* Release */ = {
			isa = XCBuildConfiguration;
			buildSettings = {
				ALWAYS_SEARCH_USER_PATHS = NO;
				ASSETCATALOG_COMPILER_GENERATE_SWIFT_ASSET_SYMBOL_EXTENSIONS = YES;
				CLANG_ANALYZER_NONNULL = YES;
				CLANG_ANALYZER_NUMBER_OBJECT_CONVERSION = YES_AGGRESSIVE;
				CLANG_CXX_LANGUAGE_STANDARD = "gnu++20";
				CLANG_ENABLE_MODULES = YES;
				CLANG_ENABLE_OBJC_ARC = YES;
				CLANG_ENABLE_OBJC_WEAK = YES;
				CLANG_WARN_BLOCK_CAPTURE_AUTORELEASING = YES;
				CLANG_WARN_BOOL_CONVERSION = YES;
				CLANG_WARN_COMMA = YES;
				CLANG_WARN_CONSTANT_CONVERSION = YES;
				CLANG_WARN_DEPRECATED_OBJC_IMPLEMENTATIONS = YES;
				CLANG_WARN_DIRECT_OBJC_ISA_USAGE = YES_ERROR;
				CLANG_WARN_DOCUMENTATION_COMMENTS = YES;
				CLANG_WARN_EMPTY_BODY = YES;
				CLANG_WARN_ENUM_CONVERSION = YES;
				CLANG_WARN_INFINITE_RECURSION = YES;
				CLANG_WARN_INT_CONVERSION = YES;
				CLANG_WARN_NON_LITERAL_NULL_CONVERSION = YES;
				CLANG_WARN_OBJC_IMPLICIT_RETAIN_SELF = YES;
				CLANG_WARN_OBJC_LITERAL_CONVERSION = YES;
				CLANG_WARN_OBJC_ROOT_CLASS = YES_ERROR;
				CLANG_WARN_QUOTED_INCLUDE_IN_FRAMEWORK_HEADER = YES;
				CLANG_WARN_RANGE_LOOP_ANALYSIS = YES;
				CLANG_WARN_STRICT_PROTOTYPES = YES;
				CLANG_WARN_SUSPICIOUS_MOVE = YES;
				CLANG_WARN_UNGUARDED_AVAILABILITY = YES_AGGRESSIVE;
				CLANG_WARN_UNREACHABLE_CODE = YES;
				CLANG_WARN__DUPLICATE_METHOD_MATCH = YES;
				COPY_PHASE_STRIP = NO;
				DEBUG_INFORMATION_FORMAT = "dwarf-with-dsym";
				ENABLE_NS_ASSERTIONS = NO;
				ENABLE_STRICT_OBJC_MSGSEND = YES;
				ENABLE_USER_SCRIPT_SANDBOXING = YES;
				GCC_C_LANGUAGE_STANDARD = gnu17;
				GCC_NO_COMMON_BLOCKS = YES;
				GCC_WARN_64_TO_32_BIT_CONVERSION = YES;
				GCC_WARN_ABOUT_RETURN_TYPE = YES_ERROR;
				GCC_WARN_UNDECLARED_SELECTOR = YES;
				GCC_WARN_UNINITIALIZED_AUTOS = YES_AGGRESSIVE;
				GCC_WARN_UNUSED_FUNCTION = YES;
				GCC_WARN_UNUSED_VARIABLE = YES;
				IPHONEOS_DEPLOYMENT_TARGET = 17.2;
				LOCALIZATION_PREFERS_STRING_CATALOGS = YES;
				MTL_ENABLE_DEBUG_INFO = NO;
				MTL_FAST_MATH = YES;
				SDKROOT = iphoneos;
				SWIFT_COMPILATION_MODE = wholemodule;
				VALIDATE_PRODUCT = YES;
			};
			name = Release;
		};
		BAAFC7322F29CB3D00A18BE0 /* Debug */ = {
			isa = XCBuildConfiguration;
			buildSettings = {
				ASSETCATALOG_COMPILER_APPICON_NAME = AppIcon;
				ASSETCATALOG_COMPILER_GLOBAL_ACCENT_COLOR_NAME = AccentColor;
				CODE_SIGN_STYLE = Automatic;
				CURRENT_PROJECT_VERSION = 1;
				DEVELOPMENT_ASSET_PATHS = "\"DogDash/Preview Content\"";
				DEVELOPMENT_TEAM = M45PMZ4M4Z;
				ENABLE_PREVIEWS = YES;
				GENERATE_INFOPLIST_FILE = YES;
				INFOPLIST_KEY_UIApplicationSceneManifest_Generation = YES;
				INFOPLIST_KEY_UIApplicationSupportsIndirectInputEvents = YES;
				INFOPLIST_KEY_UILaunchScreen_Generation = YES;
				INFOPLIST_KEY_UISupportedInterfaceOrientations = "UIInterfaceOrientationLandscapeLeft UIInterfaceOrientationLandscapeRight";
				LD_RUNPATH_SEARCH_PATHS = (
					"$(inherited)",
					"@executable_path/Frameworks",
				);
				MARKETING_VERSION = 1.0;
				PRODUCT_BUNDLE_IDENTIFIER = com.tompkins.DogDash;
				PRODUCT_NAME = "$(TARGET_NAME)";
				SWIFT_EMIT_LOC_STRINGS = YES;
				SWIFT_VERSION = 5.0;
				TARGETED_DEVICE_FAMILY = "1,2";
			};
			name = Debug;
		};
		BAAFC7332F29CB3D00A18BE0 /* Release */ = {
			isa = XCBuildConfiguration;
			buildSettings = {
				ASSETCATALOG_COMPILER_APPICON_NAME = AppIcon;
				ASSETCATALOG_COMPILER_GLOBAL_ACCENT_COLOR_NAME = AccentColor;
				CODE_SIGN_STYLE = Automatic;
				CURRENT_PROJECT_VERSION = 1;
				DEVELOPMENT_ASSET_PATHS = "\"DogDash/Preview Content\"";
				DEVELOPMENT_TEAM = M45PMZ4M4Z;
				ENABLE_PREVIEWS = YES;
				GENERATE_INFOPLIST_FILE = YES;
				INFOPLIST_KEY_UIApplicationSceneManifest_Generation = YES;
				INFOPLIST_KEY_UIApplicationSupportsIndirectInputEvents = YES;
				INFOPLIST_KEY_UILaunchScreen_Generation = YES;
				INFOPLIST_KEY_UISupportedInterfaceOrientations = "UIInterfaceOrientationLandscapeLeft UIInterfaceOrientationLandscapeRight";
				LD_RUNPATH_SEARCH_PATHS = (
					"$(inherited)",
					"@executable_path/Frameworks",
				);
				MARKETING_VERSION = 1.0;
				PRODUCT_BUNDLE_IDENTIFIER = com.tompkins.DogDash;
				PRODUCT_NAME = "$(TARGET_NAME)";
				SWIFT_EMIT_LOC_STRINGS = YES;
				SWIFT_VERSION = 5.0;
				TARGETED_DEVICE_FAMILY = "1,2";
			};
			name = Release;
		};
/* End XCBuildConfiguration section */

/* Begin XCConfigurationList section */
		BAAFC71E2F29CB3A00A18BE0 /* Build configuration list for PBXProject "DogDash" */ = {
			isa = XCConfigurationList;
			buildConfigurations = (
				BAAFC72F2F29CB3D00A18BE0 /* Debug */,
				BAAFC7302F29CB3D00A18BE0 /* Release */,
			);
			defaultConfigurationIsVisible = 0;
			defaultConfigurationName = Release;
		};
		BAAFC7312F29CB3D00A18BE0 /* Build configuration list for PBXNativeTarget "DogDash" */ = {
			isa = XCConfigurationList;
			buildConfigurations = (
				BAAFC7322F29CB3D00A18BE0 /* Debug */,
				BAAFC7332F29CB3D00A18BE0 /* Release */,
			);
			defaultConfigurationIsVisible = 0;
			defaultConfigurationName = Release;
		};
/* End XCConfigurationList section */
	};
	rootObject = BAAFC71B2F29CB3A00A18BE0 /* Project object */;
}
